
Microsoft Visual Studio Solution File, Format Version 12.00
# Visual Studio Version 17
VisualStudioVersion = 17.8.34511.84
MinimumVisualStudioVersion = 10.0.40219.1
Project("{9A19103F-16F7-4668-BE54-9A1E7A4F7556}") = "UserProject", "UserProject\UserProject.csproj", "{DEBAA912-EBA6-4AA1-B360-4AC004E9C390}"
EndProject
Project("{FAE04EC0-301F-11D3-BF4B-00C04F79EFBC}") = "Classes", "Classes\Classes.csproj", "{2D7BAA7B-CC5E-4CFA-B16B-48E5AAD4876A}"
EndProject
Global
	GlobalSection(SolutionConfigurationPlatforms) = preSolution
		Debug|Any CPU = Debug|Any CPU
		Release|Any CPU = Release|Any CPU
	EndGlobalSection
	GlobalSection(ProjectConfigurationPlatforms) = postSolution
		{DEBAA912-EBA6-4AA1-B360-4AC004E9C390}.Debug|Any CPU.ActiveCfg = Debug|Any CPU
		{DEBAA912-EBA6-4AA1-B360-4AC004E9C390}.Debug|Any CPU.Build.0 = Debug|Any CPU
		{DEBAA912-EBA6-4AA1-B360-4AC004E9C390}.Release|Any CPU.ActiveCfg = Release|Any CPU
		{DEBAA912-EBA6-4AA1-B360-4AC004E9C390}.Release|Any CPU.Build.0 = Release|Any CPU
		{2D7BAA7B-CC5E-4CFA-B16B-48E5AAD4876A}.Debug|Any CPU.ActiveCfg = Debug|Any CPU
		{2D7BAA7B-CC5E-4CFA-B16B-48E5AAD4876A}.Debug|Any CPU.Build.0 = Debug|Any CPU
		{2D7BAA7B-CC5E-4CFA-B16B-48E5AAD4876A}.Release|Any CPU.ActiveCfg = Release|Any CPU
		{2D7BAA7B-CC5E-4CFA-B16B-48E5AAD4876A}.Release|Any CPU.Build.0 = Release|Any CPU
	EndGlobalSection
	GlobalSection(SolutionProperties) = preSolution
		HideSolutionNode = FALSE
	EndGlobalSection
	GlobalSection(ExtensibilityGlobals) = postSolution
		SolutionGuid = {E3EA292C-FA02-464C-9653-64370FFF4F02}
	EndGlobalSection
EndGlobal
